{
  "name": "@outofaxis/tailwind-fugo-preset",
  "version": "2.0.0",
  "lockfileVersion": 2,
  "requires": true,
  "packages": {
    "": {
      "name": "@outofaxis/tailwind-fugo-preset",
      "version": "2.0.0",
      "license": "ISC",
      "dependencies": {
        "@tailwindcss/aspect-ratio": "^0.4.0"
      },
      "devDependencies": {
        "prettier": "^2.7.1"
      },
      "peerDependencies": {
        "tailwindcss": "^3"
      }
    },
    "node_modules/@tailwindcss/aspect-ratio": {
      "version": "0.4.0",
      "resolved": "https://registry.npmjs.org/@tailwindcss/aspect-ratio/-/aspect-ratio-0.4.0.tgz",
      "integrity": "sha512-WJu0I4PpqNPuutpaA9zDUq2JXR+lorZ7PbLcKNLmb6GL9/HLfC7w3CRsMhJF4BbYd/lkY6CfXOvkYpuGnZfkpQ==",
      "peerDependencies": {
        "tailwindcss": ">=2.0.0 || >=3.0.0 || >=3.0.0-alpha.1"
      }
    },
    "node_modules/prettier": {
      "version": "2.7.1",
      "resolved": "https://registry.npmjs.org/prettier/-/prettier-2.7.1.tgz",
      "integrity": "sha512-ujppO+MkdPqoVINuDFDRLClm7D78qbDt0/NR+wp5FqEZOoTNAjPHWj17QRhu7geIHJfcNhRk1XVQmF8Bp3ye+g==",
      "dev": true,
      "bin": {
        "prettier": "bin-prettier.js"
      },
      "engines": {
        "node": ">=10.13.0"
      },
      "funding": {
        "url": "https://github.com/prettier/prettier?sponsor=1"
      }
    }
  },
  "dependencies": {
    "@tailwindcss/aspect-ratio": {
      "version": "0.4.0",
      "resolved": "https://registry.npmjs.org/@tailwindcss/aspect-ratio/-/aspect-ratio-0.4.0.tgz",
      "integrity": "sha512-WJu0I4PpqNPuutpaA9zDUq2JXR+lorZ7PbLcKNLmb6GL9/HLfC7w3CRsMhJF4BbYd/lkY6CfXOvkYpuGnZfkpQ=="
    },
    "prettier": {
      "version": "2.7.1",
      "resolved": "https://registry.npmjs.org/prettier/-/prettier-2.7.1.tgz",
      "integrity": "sha512-ujppO+MkdPqoVINuDFDRLClm7D78qbDt0/NR+wp5FqEZOoTNAjPHWj17QRhu7geIHJfcNhRk1XVQmF8Bp3ye+g==",
      "dev": true
    }
  }
}
